
Microsoft Visual Studio Solution File, Format Version 12.00
# Visual Studio Version 17
VisualStudioVersion = 17.1.32414.318
MinimumVisualStudioVersion = 10.0.40219.1
Project("{9A19103F-16F7-4668-BE54-9A1E7A4F7556}") = "HealthApp", "HealthApp\HealthApp.csproj", "{4DCC81FB-82B7-4F36-8934-3A4EF14227AB}"
EndProject
Project("{9A19103F-16F7-4668-BE54-9A1E7A4F7556}") = "Models", "Entities\Models.csproj", "{5F7DF096-4A5D-4AFF-8A96-0436A652B029}"
EndProject
Project("{9A19103F-16F7-4668-BE54-9A1E7A4F7556}") = "DataAccess", "DataAccess\DataAccess.csproj", "{5B0367FA-29C5-47B4-A87D-FAE724013686}"
EndProject
Project("{9A19103F-16F7-4668-BE54-9A1E7A4F7556}") = "HealthAppFrontend", "HealthAppFrontend\HealthAppFrontend.csproj", "{2FE57FE3-6693-47B5-B53D-2BA5FCF251B7}"
EndProject
Global
	GlobalSection(SolutionConfigurationPlatforms) = preSolution
		Debug|Any CPU = Debug|Any CPU
		Release|Any CPU = Release|Any CPU
	EndGlobalSection
	GlobalSection(ProjectConfigurationPlatforms) = postSolution
		{4DCC81FB-82B7-4F36-8934-3A4EF14227AB}.Debug|Any CPU.ActiveCfg = Debug|Any CPU
		{4DCC81FB-82B7-4F36-8934-3A4EF14227AB}.Debug|Any CPU.Build.0 = Debug|Any CPU
		{4DCC81FB-82B7-4F36-8934-3A4EF14227AB}.Release|Any CPU.ActiveCfg = Release|Any CPU
		{4DCC81FB-82B7-4F36-8934-3A4EF14227AB}.Release|Any CPU.Build.0 = Release|Any CPU
		{5F7DF096-4A5D-4AFF-8A96-0436A652B029}.Debug|Any CPU.ActiveCfg = Debug|Any CPU
		{5F7DF096-4A5D-4AFF-8A96-0436A652B029}.Debug|Any CPU.Build.0 = Debug|Any CPU
		{5F7DF096-4A5D-4AFF-8A96-0436A652B029}.Release|Any CPU.ActiveCfg = Release|Any CPU
		{5F7DF096-4A5D-4AFF-8A96-0436A652B029}.Release|Any CPU.Build.0 = Release|Any CPU
		{5B0367FA-29C5-47B4-A87D-FAE724013686}.Debug|Any CPU.ActiveCfg = Debug|Any CPU
		{5B0367FA-29C5-47B4-A87D-FAE724013686}.Debug|Any CPU.Build.0 = Debug|Any CPU
		{5B0367FA-29C5-47B4-A87D-FAE724013686}.Release|Any CPU.ActiveCfg = Release|Any CPU
		{5B0367FA-29C5-47B4-A87D-FAE724013686}.Release|Any CPU.Build.0 = Release|Any CPU
		{2FE57FE3-6693-47B5-B53D-2BA5FCF251B7}.Debug|Any CPU.ActiveCfg = Debug|Any CPU
		{2FE57FE3-6693-47B5-B53D-2BA5FCF251B7}.Debug|Any CPU.Build.0 = Debug|Any CPU
		{2FE57FE3-6693-47B5-B53D-2BA5FCF251B7}.Release|Any CPU.ActiveCfg = Release|Any CPU
		{2FE57FE3-6693-47B5-B53D-2BA5FCF251B7}.Release|Any CPU.Build.0 = Release|Any CPU
	EndGlobalSection
	GlobalSection(SolutionProperties) = preSolution
		HideSolutionNode = FALSE
	EndGlobalSection
	GlobalSection(ExtensibilityGlobals) = postSolution
		SolutionGuid = {6CE111F9-A90C-43FF-90CC-163620845460}
	EndGlobalSection
EndGlobal
